
Microsoft Visual Studio Solution File, Format Version 12.00
# Visual Studio 15
VisualStudioVersion = 15.0.27130.2036
MinimumVisualStudioVersion = 10.0.40219.1
Project("{FAE04EC0-301F-11D3-BF4B-00C04F79EFBC}") = "WPF_MasterDetailApp.Sol", "WPF_MasterDetailApp.Sol\WPF_MasterDetailApp.Sol.csproj", "{298E65BB-0EBC-401C-BBC7-ADB806FE998E}"
EndProject
Project("{2150E333-8FDC-42A3-9474-1A3956D46DE8}") = "Documentation", "Documentation", "{F3758C20-2265-4101-A624-95A7720D2E60}"
EndProject
Project("{FAE04EC0-301F-11D3-BF4B-00C04F79EFBC}") = "WPF_MasterDetailApp.S1.Str", "WPF_MasterDetailApp.S1.Str\WPF_MasterDetailApp.S1.Str.csproj", "{2EEF5858-4BBA-4C03-964A-2A8661F18E2A}"
EndProject
Project("{FAE04EC0-301F-11D3-BF4B-00C04F79EFBC}") = "WPF_MasterDetailApp.S1.Sol", "WPF_MasterDetailApp.S1.Sol\WPF_MasterDetailApp.S1.Sol.csproj", "{511CF053-6893-4AA1-A2A7-6C9A763E4378}"
EndProject
Global
	GlobalSection(SolutionConfigurationPlatforms) = preSolution
		Debug|Any CPU = Debug|Any CPU
		Release|Any CPU = Release|Any CPU
	EndGlobalSection
	GlobalSection(ProjectConfigurationPlatforms) = postSolution
		{298E65BB-0EBC-401C-BBC7-ADB806FE998E}.Debug|Any CPU.ActiveCfg = Debug|Any CPU
		{298E65BB-0EBC-401C-BBC7-ADB806FE998E}.Debug|Any CPU.Build.0 = Debug|Any CPU
		{298E65BB-0EBC-401C-BBC7-ADB806FE998E}.Release|Any CPU.ActiveCfg = Release|Any CPU
		{298E65BB-0EBC-401C-BBC7-ADB806FE998E}.Release|Any CPU.Build.0 = Release|Any CPU
		{2EEF5858-4BBA-4C03-964A-2A8661F18E2A}.Debug|Any CPU.ActiveCfg = Debug|Any CPU
		{2EEF5858-4BBA-4C03-964A-2A8661F18E2A}.Debug|Any CPU.Build.0 = Debug|Any CPU
		{2EEF5858-4BBA-4C03-964A-2A8661F18E2A}.Release|Any CPU.ActiveCfg = Release|Any CPU
		{2EEF5858-4BBA-4C03-964A-2A8661F18E2A}.Release|Any CPU.Build.0 = Release|Any CPU
		{511CF053-6893-4AA1-A2A7-6C9A763E4378}.Debug|Any CPU.ActiveCfg = Debug|Any CPU
		{511CF053-6893-4AA1-A2A7-6C9A763E4378}.Debug|Any CPU.Build.0 = Debug|Any CPU
		{511CF053-6893-4AA1-A2A7-6C9A763E4378}.Release|Any CPU.ActiveCfg = Release|Any CPU
		{511CF053-6893-4AA1-A2A7-6C9A763E4378}.Release|Any CPU.Build.0 = Release|Any CPU
	EndGlobalSection
	GlobalSection(SolutionProperties) = preSolution
		HideSolutionNode = FALSE
	EndGlobalSection
	GlobalSection(ExtensibilityGlobals) = postSolution
		SolutionGuid = {A9BFEB08-7C2D-48AD-A857-8A821B90E64B}
	EndGlobalSection
EndGlobal
